// !$*UTF8*$!
{
	archiveVersion = 1;
	classes = {
	};
	objectVersion = 56;
	objects = {

/* Begin PBXBuildFile section */
		18DD71232AF3F69B00589168 /* TodoListSUIApp.swift in Sources */ = {isa = PBXBuildFile; fileRef = 18DD71222AF3F69B00589168 /* TodoListSUIApp.swift */; };
		18DD71252AF3F69B00589168 /* ContentView.swift in Sources */ = {isa = PBXBuildFile; fileRef = 18DD71242AF3F69B00589168 /* ContentView.swift */; };
		18DD71272AF3F69E00589168 /* Assets.xcassets in Resources */ = {isa = PBXBuildFile; fileRef = 18DD71262AF3F69E00589168 /* Assets.xcassets */; };
		18DD712A2AF3F69E00589168 /* Preview Assets.xcassets in Resources */ = {isa = PBXBuildFile; fileRef = 18DD71292AF3F69E00589168 /* Preview Assets.xcassets */; };
		18DD71332AF3F80300589168 /* ItemModel.swift in Sources */ = {isa = PBXBuildFile; fileRef = 18DD71322AF3F80300589168 /* ItemModel.swift */; };
		18DD71362AF3F8FF00589168 /* ListViewModel.swift in Sources */ = {isa = PBXBuildFile; fileRef = 18DD71352AF3F8FF00589168 /* ListViewModel.swift */; };
		18DD71382AF3FC7600589168 /* NoListView.swift in Sources */ = {isa = PBXBuildFile; fileRef = 18DD71372AF3FC7600589168 /* NoListView.swift */; };
		18DD713A2AF3FEC000589168 /* AddView.swift in Sources */ = {isa = PBXBuildFile; fileRef = 18DD71392AF3FEC000589168 /* AddView.swift */; };
		18DD713C2AF404A800589168 /* ListRowView.swift in Sources */ = {isa = PBXBuildFile; fileRef = 18DD713B2AF404A800589168 /* ListRowView.swift */; };
		18DD713E2AF4067C00589168 /* ListView.swift in Sources */ = {isa = PBXBuildFile; fileRef = 18DD713D2AF4067C00589168 /* ListView.swift */; };
/* End PBXBuildFile section */

/* Begin PBXFileReference section */
		18DD711F2AF3F69B00589168 /* TodoListSUI.app */ = {isa = PBXFileReference; explicitFileType = wrapper.application; includeInIndex = 0; path = TodoListSUI.app; sourceTree = BUILT_PRODUCTS_DIR; };
		18DD71222AF3F69B00589168 /* TodoListSUIApp.swift */ = {isa = PBXFileReference; lastKnownFileType = sourcecode.swift; path = TodoListSUIApp.swift; sourceTree = "<group>"; };
		18DD71242AF3F69B00589168 /* ContentView.swift */ = {isa = PBXFileReference; lastKnownFileType = sourcecode.swift; path = ContentView.swift; sourceTree = "<group>"; };
		18DD71262AF3F69E00589168 /* Assets.xcassets */ = {isa = PBXFileReference; lastKnownFileType = folder.assetcatalog; path = Assets.xcassets; sourceTree = "<group>"; };
		18DD71292AF3F69E00589168 /* Preview Assets.xcassets */ = {isa = PBXFileReference; lastKnownFileType = folder.assetcatalog; path = "Preview Assets.xcassets"; sourceTree = "<group>"; };
		18DD71322AF3F80300589168 /* ItemModel.swift */ = {isa = PBXFileReference; lastKnownFileType = sourcecode.swift; path = ItemModel.swift; sourceTree = "<group>"; };
		18DD71352AF3F8FF00589168 /* ListViewModel.swift */ = {isa = PBXFileReference; lastKnownFileType = sourcecode.swift; path = ListViewModel.swift; sourceTree = "<group>"; };
		18DD71372AF3FC7600589168 /* NoListView.swift */ = {isa = PBXFileReference; lastKnownFileType = sourcecode.swift; path = NoListView.swift; sourceTree = "<group>"; };
		18DD71392AF3FEC000589168 /* AddView.swift */ = {isa = PBXFileReference; lastKnownFileType = sourcecode.swift; path = AddView.swift; sourceTree = "<group>"; };
		18DD713B2AF404A800589168 /* ListRowView.swift */ = {isa = PBXFileReference; lastKnownFileType = sourcecode.swift; path = ListRowView.swift; sourceTree = "<group>"; };
		18DD713D2AF4067C00589168 /* ListView.swift */ = {isa = PBXFileReference; lastKnownFileType = sourcecode.swift; path = ListView.swift; sourceTree = "<group>"; };
/* End PBXFileReference section */

/* Begin PBXFrameworksBuildPhase section */
		18DD711C2AF3F69B00589168 /* Frameworks */ = {
			isa = PBXFrameworksBuildPhase;
			buildActionMask = 2147483647;
			files = (
			);
			runOnlyForDeploymentPostprocessing = 0;
		};
/* End PBXFrameworksBuildPhase section */

/* Begin PBXGroup section */
		18DD71162AF3F69B00589168 = {
			isa = PBXGroup;
			children = (
				18DD71212AF3F69B00589168 /* TodoListSUI */,
				18DD71202AF3F69B00589168 /* Products */,
			);
			sourceTree = "<group>";
		};
		18DD71202AF3F69B00589168 /* Products */ = {
			isa = PBXGroup;
			children = (
				18DD711F2AF3F69B00589168 /* TodoListSUI.app */,
			);
			name = Products;
			sourceTree = "<group>";
		};
		18DD71212AF3F69B00589168 /* TodoListSUI */ = {
			isa = PBXGroup;
			children = (
				18DD71342AF3F8EA00589168 /* ViewModel */,
				18DD71312AF3F7ED00589168 /* View */,
				18DD71302AF3F7E400589168 /* Modal */,
				18DD71222AF3F69B00589168 /* TodoListSUIApp.swift */,
				18DD71242AF3F69B00589168 /* ContentView.swift */,
				18DD71262AF3F69E00589168 /* Assets.xcassets */,
				18DD71282AF3F69E00589168 /* Preview Content */,
			);
			path = TodoListSUI;
			sourceTree = "<group>";
		};
		18DD71282AF3F69E00589168 /* Preview Content */ = {
			isa = PBXGroup;
			children = (
				18DD71292AF3F69E00589168 /* Preview Assets.xcassets */,
			);
			path = "Preview Content";
			sourceTree = "<group>";
		};
		18DD71302AF3F7E400589168 /* Modal */ = {
			isa = PBXGroup;
			children = (
				18DD71322AF3F80300589168 /* ItemModel.swift */,
			);
			path = Modal;
			sourceTree = "<group>";
		};
		18DD71312AF3F7ED00589168 /* View */ = {
			isa = PBXGroup;
			children = (
				18DD71372AF3FC7600589168 /* NoListView.swift */,
				18DD71392AF3FEC000589168 /* AddView.swift */,
				18DD713B2AF404A800589168 /* ListRowView.swift */,
				18DD713D2AF4067C00589168 /* ListView.swift */,
			);
			path = View;
			sourceTree = "<group>";
		};
		18DD71342AF3F8EA00589168 /* ViewModel */ = {
			isa = PBXGroup;
			children = (
				18DD71352AF3F8FF00589168 /* ListViewModel.swift */,
			);
			path = ViewModel;
			sourceTree = "<group>";
		};
/* End PBXGroup section */

/* Begin PBXNativeTarget section */
		18DD711E2AF3F69B00589168 /* TodoListSUI */ = {
			isa = PBXNativeTarget;
			buildConfigurationList = 18DD712D2AF3F69E00589168 /* Build configuration list for PBXNativeTarget "TodoListSUI" */;
			buildPhases = (
				18DD711B2AF3F69B00589168 /* Sources */,
				18DD711C2AF3F69B00589168 /* Frameworks */,
				18DD711D2AF3F69B00589168 /* Resources */,
			);
			buildRules = (
			);
			dependencies = (
			);
			name = TodoListSUI;
			productName = TodoListSUI;
			productReference = 18DD711F2AF3F69B00589168 /* TodoListSUI.app */;
			productType = "com.apple.product-type.application";
		};
/* End PBXNativeTarget section */

/* Begin PBXProject section */
		18DD71172AF3F69B00589168 /* Project object */ = {
			isa = PBXProject;
			attributes = {
				BuildIndependentTargetsInParallel = 1;
				LastSwiftUpdateCheck = 1420;
				LastUpgradeCheck = 1420;
				TargetAttributes = {
					18DD711E2AF3F69B00589168 = {
						CreatedOnToolsVersion = 14.2;
					};
				};
			};
			buildConfigurationList = 18DD711A2AF3F69B00589168 /* Build configuration list for PBXProject "TodoListSUI" */;
			compatibilityVersion = "Xcode 14.0";
			developmentRegion = en;
			hasScannedForEncodings = 0;
			knownRegions = (
				en,
				Base,
			);
			mainGroup = 18DD71162AF3F69B00589168;
			productRefGroup = 18DD71202AF3F69B00589168 /* Products */;
			projectDirPath = "";
			projectRoot = "";
			targets = (
				18DD711E2AF3F69B00589168 /* TodoListSUI */,
			);
		};
/* End PBXProject section */

/* Begin PBXResourcesBuildPhase section */
		18DD711D2AF3F69B00589168 /* Resources */ = {
			isa = PBXResourcesBuildPhase;
			buildActionMask = 2147483647;
			files = (
				18DD712A2AF3F69E00589168 /* Preview Assets.xcassets in Resources */,
				18DD71272AF3F69E00589168 /* Assets.xcassets in Resources */,
			);
			runOnlyForDeploymentPostprocessing = 0;
		};
/* End PBXResourcesBuildPhase section */

/* Begin PBXSourcesBuildPhase section */
		18DD711B2AF3F69B00589168 /* Sources */ = {
			isa = PBXSourcesBuildPhase;
			buildActionMask = 2147483647;
			files = (
				18DD713E2AF4067C00589168 /* ListView.swift in Sources */,
				18DD71332AF3F80300589168 /* ItemModel.swift in Sources */,
				18DD713C2AF404A800589168 /* ListRowView.swift in Sources */,
				18DD71252AF3F69B00589168 /* ContentView.swift in Sources */,
				18DD713A2AF3FEC000589168 /* AddView.swift in Sources */,
				18DD71382AF3FC7600589168 /* NoListView.swift in Sources */,
				18DD71362AF3F8FF00589168 /* ListViewModel.swift in Sources */,
				18DD71232AF3F69B00589168 /* TodoListSUIApp.swift in Sources */,
			);
			runOnlyForDeploymentPostprocessing = 0;
		};
/* End PBXSourcesBuildPhase section */

/* Begin XCBuildConfiguration section */
		18DD712B2AF3F69E00589168 /* Debug */ = {
			isa = XCBuildConfiguration;
			buildSettings = {
				ALWAYS_SEARCH_USER_PATHS = NO;
				CLANG_ANALYZER_NONNULL = YES;
				CLANG_ANALYZER_NUMBER_OBJECT_CONVERSION = YES_AGGRESSIVE;
				CLANG_CXX_LANGUAGE_STANDARD = "gnu++20";
				CLANG_ENABLE_MODULES = YES;
				CLANG_ENABLE_OBJC_ARC = YES;
				CLANG_ENABLE_OBJC_WEAK = YES;
				CLANG_WARN_BLOCK_CAPTURE_AUTORELEASING = YES;
				CLANG_WARN_BOOL_CONVERSION = YES;
				CLANG_WARN_COMMA = YES;
				CLANG_WARN_CONSTANT_CONVERSION = YES;
				CLANG_WARN_DEPRECATED_OBJC_IMPLEMENTATIONS = YES;
				CLANG_WARN_DIRECT_OBJC_ISA_USAGE = YES_ERROR;
				CLANG_WARN_DOCUMENTATION_COMMENTS = YES;
				CLANG_WARN_EMPTY_BODY = YES;
				CLANG_WARN_ENUM_CONVERSION = YES;
				CLANG_WARN_INFINITE_RECURSION = YES;
				CLANG_WARN_INT_CONVERSION = YES;
				CLANG_WARN_NON_LITERAL_NULL_CONVERSION = YES;
				CLANG_WARN_OBJC_IMPLICIT_RETAIN_SELF = YES;
				CLANG_WARN_OBJC_LITERAL_CONVERSION = YES;
				CLANG_WARN_OBJC_ROOT_CLASS = YES_ERROR;
				CLANG_WARN_QUOTED_INCLUDE_IN_FRAMEWORK_HEADER = YES;
				CLANG_WARN_RANGE_LOOP_ANALYSIS = YES;
				CLANG_WARN_STRICT_PROTOTYPES = YES;
				CLANG_WARN_SUSPICIOUS_MOVE = YES;
				CLANG_WARN_UNGUARDED_AVAILABILITY = YES_AGGRESSIVE;
				CLANG_WARN_UNREACHABLE_CODE = YES;
				CLANG_WARN__DUPLICATE_METHOD_MATCH = YES;
				COPY_PHASE_STRIP = NO;
				DEBUG_INFORMATION_FORMAT = dwarf;
				ENABLE_STRICT_OBJC_MSGSEND = YES;
				ENABLE_TESTABILITY = YES;
				GCC_C_LANGUAGE_STANDARD = gnu11;
				GCC_DYNAMIC_NO_PIC = NO;
				GCC_NO_COMMON_BLOCKS = YES;
				GCC_OPTIMIZATION_LEVEL = 0;
				GCC_PREPROCESSOR_DEFINITIONS = (
					"DEBUG=1",
					"$(inherited)",
				);
				GCC_WARN_64_TO_32_BIT_CONVERSION = YES;
				GCC_WARN_ABOUT_RETURN_TYPE = YES_ERROR;
				GCC_WARN_UNDECLARED_SELECTOR = YES;
				GCC_WARN_UNINITIALIZED_AUTOS = YES_AGGRESSIVE;
				GCC_WARN_UNUSED_FUNCTION = YES;
				GCC_WARN_UNUSED_VARIABLE = YES;
				IPHONEOS_DEPLOYMENT_TARGET = 16.2;
				MTL_ENABLE_DEBUG_INFO = INCLUDE_SOURCE;
				MTL_FAST_MATH = YES;
				ONLY_ACTIVE_ARCH = YES;
				SDKROOT = iphoneos;
				SWIFT_ACTIVE_COMPILATION_CONDITIONS = DEBUG;
				SWIFT_OPTIMIZATION_LEVEL = "-Onone";
			};
			name = Debug;
		};
		18DD712C2AF3F69E00589168 /* Release */ = {
			isa = XCBuildConfiguration;
			buildSettings = {
				ALWAYS_SEARCH_USER_PATHS = NO;
				CLANG_ANALYZER_NONNULL = YES;
				CLANG_ANALYZER_NUMBER_OBJECT_CONVERSION = YES_AGGRESSIVE;
				CLANG_CXX_LANGUAGE_STANDARD = "gnu++20";
				CLANG_ENABLE_MODULES = YES;
				CLANG_ENABLE_OBJC_ARC = YES;
				CLANG_ENABLE_OBJC_WEAK = YES;
				CLANG_WARN_BLOCK_CAPTURE_AUTORELEASING = YES;
				CLANG_WARN_BOOL_CONVERSION = YES;
				CLANG_WARN_COMMA = YES;
				CLANG_WARN_CONSTANT_CONVERSION = YES;
				CLANG_WARN_DEPRECATED_OBJC_IMPLEMENTATIONS = YES;
				CLANG_WARN_DIRECT_OBJC_ISA_USAGE = YES_ERROR;
				CLANG_WARN_DOCUMENTATION_COMMENTS = YES;
				CLANG_WARN_EMPTY_BODY = YES;
				CLANG_WARN_ENUM_CONVERSION = YES;
				CLANG_WARN_INFINITE_RECURSION = YES;
				CLANG_WARN_INT_CONVERSION = YES;
				CLANG_WARN_NON_LITERAL_NULL_CONVERSION = YES;
				CLANG_WARN_OBJC_IMPLICIT_RETAIN_SELF = YES;
				CLANG_WARN_OBJC_LITERAL_CONVERSION = YES;
				CLANG_WARN_OBJC_ROOT_CLASS = YES_ERROR;
				CLANG_WARN_QUOTED_INCLUDE_IN_FRAMEWORK_HEADER = YES;
				CLANG_WARN_RANGE_LOOP_ANALYSIS = YES;
				CLANG_WARN_STRICT_PROTOTYPES = YES;
				CLANG_WARN_SUSPICIOUS_MOVE = YES;
				CLANG_WARN_UNGUARDED_AVAILABILITY = YES_AGGRESSIVE;
				CLANG_WARN_UNREACHABLE_CODE = YES;
				CLANG_WARN__DUPLICATE_METHOD_MATCH = YES;
				COPY_PHASE_STRIP = NO;
				DEBUG_INFORMATION_FORMAT = "dwarf-with-dsym";
				ENABLE_NS_ASSERTIONS = NO;
				ENABLE_STRICT_OBJC_MSGSEND = YES;
				GCC_C_LANGUAGE_STANDARD = gnu11;
				GCC_NO_COMMON_BLOCKS = YES;
				GCC_WARN_64_TO_32_BIT_CONVERSION = YES;
				GCC_WARN_ABOUT_RETURN_TYPE = YES_ERROR;
				GCC_WARN_UNDECLARED_SELECTOR = YES;
				GCC_WARN_UNINITIALIZED_AUTOS = YES_AGGRESSIVE;
				GCC_WARN_UNUSED_FUNCTION = YES;
				GCC_WARN_UNUSED_VARIABLE = YES;
				IPHONEOS_DEPLOYMENT_TARGET = 16.2;
				MTL_ENABLE_DEBUG_INFO = NO;
				MTL_FAST_MATH = YES;
				SDKROOT = iphoneos;
				SWIFT_COMPILATION_MODE = wholemodule;
				SWIFT_OPTIMIZATION_LEVEL = "-O";
				VALIDATE_PRODUCT = YES;
			};
			name = Release;
		};
		18DD712E2AF3F69E00589168 /* Debug */ = {
			isa = XCBuildConfiguration;
			buildSettings = {
				ASSETCATALOG_COMPILER_APPICON_NAME = AppIcon;
				ASSETCATALOG_COMPILER_GLOBAL_ACCENT_COLOR_NAME = AccentColor;
				CODE_SIGN_STYLE = Automatic;
				CURRENT_PROJECT_VERSION = 1;
				DEVELOPMENT_ASSET_PATHS = "\"TodoListSUI/Preview Content\"";
				ENABLE_PREVIEWS = YES;
				GENERATE_INFOPLIST_FILE = YES;
				INFOPLIST_KEY_UIApplicationSceneManifest_Generation = YES;
				INFOPLIST_KEY_UIApplicationSupportsIndirectInputEvents = YES;
				INFOPLIST_KEY_UILaunchScreen_Generation = YES;
				INFOPLIST_KEY_UISupportedInterfaceOrientations_iPad = "UIInterfaceOrientationPortrait UIInterfaceOrientationPortraitUpsideDown UIInterfaceOrientationLandscapeLeft UIInterfaceOrientationLandscapeRight";
				INFOPLIST_KEY_UISupportedInterfaceOrientations_iPhone = "UIInterfaceOrientationPortrait UIInterfaceOrientationLandscapeLeft UIInterfaceOrientationLandscapeRight";
				LD_RUNPATH_SEARCH_PATHS = (
					"$(inherited)",
					"@executable_path/Frameworks",
				);
				MARKETING_VERSION = 1.0;
				PRODUCT_BUNDLE_IDENTIFIER = com.Todo.gs.TodoListSUI;
				PRODUCT_NAME = "$(TARGET_NAME)";
				SWIFT_EMIT_LOC_STRINGS = YES;
				SWIFT_VERSION = 5.0;
				TARGETED_DEVICE_FAMILY = "1,2";
			};
			name = Debug;
		};
		18DD712F2AF3F69E00589168 /* Release */ = {
			isa = XCBuildConfiguration;
			buildSettings = {
				ASSETCATALOG_COMPILER_APPICON_NAME = AppIcon;
				ASSETCATALOG_COMPILER_GLOBAL_ACCENT_COLOR_NAME = AccentColor;
				CODE_SIGN_STYLE = Automatic;
				CURRENT_PROJECT_VERSION = 1;
				DEVELOPMENT_ASSET_PATHS = "\"TodoListSUI/Preview Content\"";
				ENABLE_PREVIEWS = YES;
				GENERATE_INFOPLIST_FILE = YES;
				INFOPLIST_KEY_UIApplicationSceneManifest_Generation = YES;
				INFOPLIST_KEY_UIApplicationSupportsIndirectInputEvents = YES;
				INFOPLIST_KEY_UILaunchScreen_Generation = YES;
				INFOPLIST_KEY_UISupportedInterfaceOrientations_iPad = "UIInterfaceOrientationPortrait UIInterfaceOrientationPortraitUpsideDown UIInterfaceOrientationLandscapeLeft UIInterfaceOrientationLandscapeRight";
				INFOPLIST_KEY_UISupportedInterfaceOrientations_iPhone = "UIInterfaceOrientationPortrait UIInterfaceOrientationLandscapeLeft UIInterfaceOrientationLandscapeRight";
				LD_RUNPATH_SEARCH_PATHS = (
					"$(inherited)",
					"@executable_path/Frameworks",
				);
				MARKETING_VERSION = 1.0;
				PRODUCT_BUNDLE_IDENTIFIER = com.Todo.gs.TodoListSUI;
				PRODUCT_NAME = "$(TARGET_NAME)";
				SWIFT_EMIT_LOC_STRINGS = YES;
				SWIFT_VERSION = 5.0;
				TARGETED_DEVICE_FAMILY = "1,2";
			};
			name = Release;
		};
/* End XCBuildConfiguration section */

/* Begin XCConfigurationList section */
		18DD711A2AF3F69B00589168 /* Build configuration list for PBXProject "TodoListSUI" */ = {
			isa = XCConfigurationList;
			buildConfigurations = (
				18DD712B2AF3F69E00589168 /* Debug */,
				18DD712C2AF3F69E00589168 /* Release */,
			);
			defaultConfigurationIsVisible = 0;
			defaultConfigurationName = Release;
		};
		18DD712D2AF3F69E00589168 /* Build configuration list for PBXNativeTarget "TodoListSUI" */ = {
			isa = XCConfigurationList;
			buildConfigurations = (
				18DD712E2AF3F69E00589168 /* Debug */,
				18DD712F2AF3F69E00589168 /* Release */,
			);
			defaultConfigurationIsVisible = 0;
			defaultConfigurationName = Release;
		};
/* End XCConfigurationList section */
	};
	rootObject = 18DD71172AF3F69B00589168 /* Project object */;
}
